%{
  "connection": {:hex, :connection, "1.1.0", "ff2a49c4b75b6fb3e674bfc5536451607270aac754ffd1bdfe175abe4a6d7a68", [:mix], [], "hexpm", "722c1eb0a418fbe91ba7bd59a47e28008a189d47e37e0e7bb85585a016b2869c"},
  "erlsom": {:hex, :erlsom, "1.5.0", "c5a5cdd0ee0e8dca62bcc4b13ff08da24fdefc16ccd8b25282a2fda2ba1be24a", [:rebar3], [], "hexpm", "55a9dbf9cfa77fcfc108bd8e2c4f9f784dea228a8f4b06ea10b684944946955a"},
  "gen_state_machine": {:hex, :gen_state_machine, "3.0.0", "1e57f86a494e5c6b14137ebef26a7eb342b3b0070c7135f2d6768ed3f6b6cdff", [:mix], [], "hexpm", "0a59652574bebceb7309f6b749d2a41b45fdeda8dbb4da0791e355dd19f0ed15"},
  "parser_builder": {:hex, :parser_builder, "1.1.1", "47a9569ef3f29d2481639be06ccd7386b404cdb94c60c9c281a6300803ddaff3", [:mix], [{:erlsom, "~> 1.5", [hex: :erlsom, repo: "hexpm", optional: false]}], "hexpm", "d8b3001d97be7449a644bb64c93a78e4fc3b85363f3de4d71a30179986abdcaf"},
}
